
Microsoft Visual Studio Solution File, Format Version 12.00
# Visual Studio Version 17
VisualStudioVersion = 17.1.32421.90
MinimumVisualStudioVersion = 10.0.40219.1
Project("{FAE04EC0-301F-11D3-BF4B-00C04F79EFBC}") = "Codeforce_1669_B", "Codeforce_1669_B\Codeforce_1669_B.csproj", "{5B9F96D9-F3CB-4CFA-BB0A-7948B31D206D}"
EndProject
Global
	GlobalSection(SolutionConfigurationPlatforms) = preSolution
		Debug|Any CPU = Debug|Any CPU
		Release|Any CPU = Release|Any CPU
	EndGlobalSection
	GlobalSection(ProjectConfigurationPlatforms) = postSolution
		{5B9F96D9-F3CB-4CFA-BB0A-7948B31D206D}.Debug|Any CPU.ActiveCfg = Debug|Any CPU
		{5B9F96D9-F3CB-4CFA-BB0A-7948B31D206D}.Debug|Any CPU.Build.0 = Debug|Any CPU
		{5B9F96D9-F3CB-4CFA-BB0A-7948B31D206D}.Release|Any CPU.ActiveCfg = Release|Any CPU
		{5B9F96D9-F3CB-4CFA-BB0A-7948B31D206D}.Release|Any CPU.Build.0 = Release|Any CPU
	EndGlobalSection
	GlobalSection(SolutionProperties) = preSolution
		HideSolutionNode = FALSE
	EndGlobalSection
	GlobalSection(ExtensibilityGlobals) = postSolution
		SolutionGuid = {CAE60DFF-BF3A-464B-8726-6CA4CE401719}
	EndGlobalSection
EndGlobal
