
Microsoft Visual Studio Solution File, Format Version 12.00
# Visual Studio Version 17
VisualStudioVersion = 17.1.32421.90
MinimumVisualStudioVersion = 10.0.40219.1
Project("{FAE04EC0-301F-11D3-BF4B-00C04F79EFBC}") = "Binary search", "Binary search\Binary search.csproj", "{2FF3AFCD-992F-48E3-910C-8F97C7A1CDAA}"
EndProject
Global
	GlobalSection(SolutionConfigurationPlatforms) = preSolution
		Debug|Any CPU = Debug|Any CPU
		Release|Any CPU = Release|Any CPU
	EndGlobalSection
	GlobalSection(ProjectConfigurationPlatforms) = postSolution
		{2FF3AFCD-992F-48E3-910C-8F97C7A1CDAA}.Debug|Any CPU.ActiveCfg = Debug|Any CPU
		{2FF3AFCD-992F-48E3-910C-8F97C7A1CDAA}.Debug|Any CPU.Build.0 = Debug|Any CPU
		{2FF3AFCD-992F-48E3-910C-8F97C7A1CDAA}.Release|Any CPU.ActiveCfg = Release|Any CPU
		{2FF3AFCD-992F-48E3-910C-8F97C7A1CDAA}.Release|Any CPU.Build.0 = Release|Any CPU
	EndGlobalSection
	GlobalSection(SolutionProperties) = preSolution
		HideSolutionNode = FALSE
	EndGlobalSection
	GlobalSection(ExtensibilityGlobals) = postSolution
		SolutionGuid = {7BC452C6-DC59-41EF-AD00-25E1CDCEE904}
	EndGlobalSection
EndGlobal
