
Microsoft Visual Studio Solution File, Format Version 12.00
# Visual Studio Version 17
VisualStudioVersion = 17.1.32421.90
MinimumVisualStudioVersion = 10.0.40219.1
Project("{FAE04EC0-301F-11D3-BF4B-00C04F79EFBC}") = "Quick Sort", "Quick Sort\Quick Sort.csproj", "{D14518F2-42AC-41E8-9B50-211D1CEF89AC}"
EndProject
Global
	GlobalSection(SolutionConfigurationPlatforms) = preSolution
		Debug|Any CPU = Debug|Any CPU
		Release|Any CPU = Release|Any CPU
	EndGlobalSection
	GlobalSection(ProjectConfigurationPlatforms) = postSolution
		{D14518F2-42AC-41E8-9B50-211D1CEF89AC}.Debug|Any CPU.ActiveCfg = Debug|Any CPU
		{D14518F2-42AC-41E8-9B50-211D1CEF89AC}.Debug|Any CPU.Build.0 = Debug|Any CPU
		{D14518F2-42AC-41E8-9B50-211D1CEF89AC}.Release|Any CPU.ActiveCfg = Release|Any CPU
		{D14518F2-42AC-41E8-9B50-211D1CEF89AC}.Release|Any CPU.Build.0 = Release|Any CPU
	EndGlobalSection
	GlobalSection(SolutionProperties) = preSolution
		HideSolutionNode = FALSE
	EndGlobalSection
	GlobalSection(ExtensibilityGlobals) = postSolution
		SolutionGuid = {F5783C69-092C-407B-894D-38B6B1148D01}
	EndGlobalSection
EndGlobal
